{
  "requires": true,
  "lockfileVersion": 1,
  "dependencies": {
    "commander": {
      "version": "4.1.1",
      "resolved": "https://registry.npmjs.org/commander/-/commander-4.1.1.tgz",
      "integrity": "sha512-NOKm8xhkzAjzFx8B2v5OAHT+u5pRQc2UCa2Vq9jYL/31o2wi9mxBA7LIFs3sV5VSC49z6pEhfbMULvShKj26WA=="
    },
    "lodash.castarray": {
      "version": "4.4.0",
      "resolved": "https://registry.npmjs.org/lodash.castarray/-/lodash.castarray-4.4.0.tgz",
      "integrity": "sha1-wCUTUV4wna3dTCTGDP3c9ZdtkRU="
    },
    "lodash.defaultto": {
      "version": "4.14.0",
      "resolved": "https://registry.npmjs.org/lodash.defaultto/-/lodash.defaultto-4.14.0.tgz",
      "integrity": "sha1-OL09QlrO5zPg4ru9TkspcRzC7hE="
    },
    "lodash.groupby": {
      "version": "4.6.0",
      "resolved": "https://registry.npmjs.org/lodash.groupby/-/lodash.groupby-4.6.0.tgz",
      "integrity": "sha1-Cwih3PaDl8OXhVwyOXg4Mt90A9E="
    },
    "lodash.isequal": {
      "version": "4.5.0",
      "resolved": "https://registry.npmjs.org/lodash.isequal/-/lodash.isequal-4.5.0.tgz",
      "integrity": "sha1-QVxEePK8wwEgwizhDtMib30+GOA="
    },
    "loglevel": {
      "version": "1.6.8",
      "resolved": "https://registry.npmjs.org/loglevel/-/loglevel-1.6.8.tgz",
      "integrity": "sha512-bsU7+gc9AJ2SqpzxwU3+1fedl8zAntbtC5XYlt3s2j1hJcn2PsXSmgN8TaLG/J1/2mod4+cE/3vNL70/c1RNCA=="
    },
    "promise-queue": {
      "version": "2.2.5",
      "resolved": "https://registry.npmjs.org/promise-queue/-/promise-queue-2.2.5.tgz",
      "integrity": "sha1-L29ffA9tCBCelnZZx5uIqe1ek7Q="
    },
    "tplink-smarthome-api": {
      "version": "2.0.0",
      "resolved": "https://registry.npmjs.org/tplink-smarthome-api/-/tplink-smarthome-api-2.0.0.tgz",
      "integrity": "sha512-6mpImAh5wM6dF4sEpF+nzq4Anh+o1DlwTsApOA+NsqN/Foh+tczQDOjde8Ei3p1do5SVG8Z57PEH6+4sA5SNJQ==",
      "requires": {
        "commander": "^4.0.1",
        "lodash.castarray": "^4.4.0",
        "lodash.defaultto": "^4.14.0",
        "lodash.groupby": "^4.6.0",
        "lodash.isequal": "^4.5.0",
        "loglevel": "^1.6.6",
        "promise-queue": "^2.2.5",
        "tplink-smarthome-crypto": "^2.0.0"
      }
    },
    "tplink-smarthome-crypto": {
      "version": "2.0.0",
      "resolved": "https://registry.npmjs.org/tplink-smarthome-crypto/-/tplink-smarthome-crypto-2.0.0.tgz",
      "integrity": "sha512-s7DIbRIHe+hXJReKtd+Dz0qO+ZKSLEsFFeKfSe/yKrTl6y9+JHvcUe4GBL/uDlKwiVkP+lp28nKndnBNJ0vRmw=="
    }
  }
}
